// !$*UTF8*$!
{
	archiveVersion = 1;
	classes = {
	};
	objectVersion = 50;
	objects = {

/* Begin PBXBuildFile section */
		37EA17402322EB91001FF5D8 /* AppDelegate.swift in Sources */ = {isa = PBXBuildFile; fileRef = 37EA173F2322EB91001FF5D8 /* AppDelegate.swift */; };
		37EA17422322EB91001FF5D8 /* ViewController.swift in Sources */ = {isa = PBXBuildFile; fileRef = 37EA17412322EB91001FF5D8 /* ViewController.swift */; };
		37EA17452322EB91001FF5D8 /* Main.storyboard in Resources */ = {isa = PBXBuildFile; fileRef = 37EA17432322EB91001FF5D8 /* Main.storyboard */; };
		37EA17472322EB93001FF5D8 /* Assets.xcassets in Resources */ = {isa = PBXBuildFile; fileRef = 37EA17462322EB93001FF5D8 /* Assets.xcassets */; };
		37EA174A2322EB93001FF5D8 /* LaunchScreen.storyboard in Resources */ = {isa = PBXBuildFile; fileRef = 37EA17482322EB93001FF5D8 /* LaunchScreen.storyboard */; };
		37EA175323231129001FF5D8 /* WebKit.framework in Frameworks */ = {isa = PBXBuildFile; fileRef = 37EA175223231129001FF5D8 /* WebKit.framework */; };
		37EA175523237ACC001FF5D8 /* OnboardingViewController.swift in Sources */ = {isa = PBXBuildFile; fileRef = 37EA175423237ACC001FF5D8 /* OnboardingViewController.swift */; };
		37EA175723238816001FF5D8 /* Emergency.swift in Sources */ = {isa = PBXBuildFile; fileRef = 37EA175623238816001FF5D8 /* Emergency.swift */; };
		37EA175923238D23001FF5D8 /* Constants.swift in Sources */ = {isa = PBXBuildFile; fileRef = 37EA175823238D23001FF5D8 /* Constants.swift */; };
/* End PBXBuildFile section */

/* Begin PBXFileReference section */
		37EA173C2322EB91001FF5D8 /* Salus.app */ = {isa = PBXFileReference; explicitFileType = wrapper.application; includeInIndex = 0; path = Salus.app; sourceTree = BUILT_PRODUCTS_DIR; };
		37EA173F2322EB91001FF5D8 /* AppDelegate.swift */ = {isa = PBXFileReference; lastKnownFileType = sourcecode.swift; path = AppDelegate.swift; sourceTree = "<group>"; };
		37EA17412322EB91001FF5D8 /* ViewController.swift */ = {isa = PBXFileReference; lastKnownFileType = sourcecode.swift; path = ViewController.swift; sourceTree = "<group>"; };
		37EA17442322EB91001FF5D8 /* Base */ = {isa = PBXFileReference; lastKnownFileType = file.storyboard; name = Base; path = Base.lproj/Main.storyboard; sourceTree = "<group>"; };
		37EA17462322EB93001FF5D8 /* Assets.xcassets */ = {isa = PBXFileReference; lastKnownFileType = folder.assetcatalog; path = Assets.xcassets; sourceTree = "<group>"; };
		37EA17492322EB93001FF5D8 /* Base */ = {isa = PBXFileReference; lastKnownFileType = file.storyboard; name = Base; path = Base.lproj/LaunchScreen.storyboard; sourceTree = "<group>"; };
		37EA174B2322EB93001FF5D8 /* Info.plist */ = {isa = PBXFileReference; lastKnownFileType = text.plist.xml; path = Info.plist; sourceTree = "<group>"; };
		37EA175223231129001FF5D8 /* WebKit.framework */ = {isa = PBXFileReference; lastKnownFileType = wrapper.framework; name = WebKit.framework; path = System/Library/Frameworks/WebKit.framework; sourceTree = SDKROOT; };
		37EA175423237ACC001FF5D8 /* OnboardingViewController.swift */ = {isa = PBXFileReference; lastKnownFileType = sourcecode.swift; path = OnboardingViewController.swift; sourceTree = "<group>"; };
		37EA175623238816001FF5D8 /* Emergency.swift */ = {isa = PBXFileReference; lastKnownFileType = sourcecode.swift; path = Emergency.swift; sourceTree = "<group>"; };
		37EA175823238D23001FF5D8 /* Constants.swift */ = {isa = PBXFileReference; lastKnownFileType = sourcecode.swift; path = Constants.swift; sourceTree = "<group>"; };
/* End PBXFileReference section */

/* Begin PBXFrameworksBuildPhase section */
		37EA17392322EB91001FF5D8 /* Frameworks */ = {
			isa = PBXFrameworksBuildPhase;
			buildActionMask = 2147483647;
			files = (
				37EA175323231129001FF5D8 /* WebKit.framework in Frameworks */,
			);
			runOnlyForDeploymentPostprocessing = 0;
		};
/* End PBXFrameworksBuildPhase section */

/* Begin PBXGroup section */
		37EA17332322EB91001FF5D8 = {
			isa = PBXGroup;
			children = (
				37EA173E2322EB91001FF5D8 /* Salus */,
				37EA173D2322EB91001FF5D8 /* Products */,
				37EA175123231129001FF5D8 /* Frameworks */,
			);
			sourceTree = "<group>";
		};
		37EA173D2322EB91001FF5D8 /* Products */ = {
			isa = PBXGroup;
			children = (
				37EA173C2322EB91001FF5D8 /* Salus.app */,
			);
			name = Products;
			sourceTree = "<group>";
		};
		37EA173E2322EB91001FF5D8 /* Salus */ = {
			isa = PBXGroup;
			children = (
				37EA173F2322EB91001FF5D8 /* AppDelegate.swift */,
				37EA17412322EB91001FF5D8 /* ViewController.swift */,
				37EA17432322EB91001FF5D8 /* Main.storyboard */,
				37EA17462322EB93001FF5D8 /* Assets.xcassets */,
				37EA17482322EB93001FF5D8 /* LaunchScreen.storyboard */,
				37EA174B2322EB93001FF5D8 /* Info.plist */,
				37EA175423237ACC001FF5D8 /* OnboardingViewController.swift */,
				37EA175623238816001FF5D8 /* Emergency.swift */,
				37EA175823238D23001FF5D8 /* Constants.swift */,
			);
			path = Salus;
			sourceTree = "<group>";
		};
		37EA175123231129001FF5D8 /* Frameworks */ = {
			isa = PBXGroup;
			children = (
				37EA175223231129001FF5D8 /* WebKit.framework */,
			);
			name = Frameworks;
			sourceTree = "<group>";
		};
/* End PBXGroup section */

/* Begin PBXNativeTarget section */
		37EA173B2322EB91001FF5D8 /* Salus */ = {
			isa = PBXNativeTarget;
			buildConfigurationList = 37EA174E2322EB93001FF5D8 /* Build configuration list for PBXNativeTarget "Salus" */;
			buildPhases = (
				37EA17382322EB91001FF5D8 /* Sources */,
				37EA17392322EB91001FF5D8 /* Frameworks */,
				37EA173A2322EB91001FF5D8 /* Resources */,
			);
			buildRules = (
			);
			dependencies = (
			);
			name = Salus;
			productName = Salus;
			productReference = 37EA173C2322EB91001FF5D8 /* Salus.app */;
			productType = "com.apple.product-type.application";
		};
/* End PBXNativeTarget section */

/* Begin PBXProject section */
		37EA17342322EB91001FF5D8 /* Project object */ = {
			isa = PBXProject;
			attributes = {
				LastSwiftUpdateCheck = 1030;
				LastUpgradeCheck = 1030;
				ORGANIZATIONNAME = "Jackie Oh";
				TargetAttributes = {
					37EA173B2322EB91001FF5D8 = {
						CreatedOnToolsVersion = 10.3;
						SystemCapabilities = {
							com.apple.BackgroundModes = {
								enabled = 1;
							};
						};
					};
				};
			};
			buildConfigurationList = 37EA17372322EB91001FF5D8 /* Build configuration list for PBXProject "Salus" */;
			compatibilityVersion = "Xcode 9.3";
			developmentRegion = en;
			hasScannedForEncodings = 0;
			knownRegions = (
				en,
				Base,
			);
			mainGroup = 37EA17332322EB91001FF5D8;
			productRefGroup = 37EA173D2322EB91001FF5D8 /* Products */;
			projectDirPath = "";
			projectRoot = "";
			targets = (
				37EA173B2322EB91001FF5D8 /* Salus */,
			);
		};
/* End PBXProject section */

/* Begin PBXResourcesBuildPhase section */
		37EA173A2322EB91001FF5D8 /* Resources */ = {
			isa = PBXResourcesBuildPhase;
			buildActionMask = 2147483647;
			files = (
				37EA174A2322EB93001FF5D8 /* LaunchScreen.storyboard in Resources */,
				37EA17472322EB93001FF5D8 /* Assets.xcassets in Resources */,
				37EA17452322EB91001FF5D8 /* Main.storyboard in Resources */,
			);
			runOnlyForDeploymentPostprocessing = 0;
		};
/* End PBXResourcesBuildPhase section */

/* Begin PBXSourcesBuildPhase section */
		37EA17382322EB91001FF5D8 /* Sources */ = {
			isa = PBXSourcesBuildPhase;
			buildActionMask = 2147483647;
			files = (
				37EA175923238D23001FF5D8 /* Constants.swift in Sources */,
				37EA17422322EB91001FF5D8 /* ViewController.swift in Sources */,
				37EA175723238816001FF5D8 /* Emergency.swift in Sources */,
				37EA175523237ACC001FF5D8 /* OnboardingViewController.swift in Sources */,
				37EA17402322EB91001FF5D8 /* AppDelegate.swift in Sources */,
			);
			runOnlyForDeploymentPostprocessing = 0;
		};
/* End PBXSourcesBuildPhase section */

/* Begin PBXVariantGroup section */
		37EA17432322EB91001FF5D8 /* Main.storyboard */ = {
			isa = PBXVariantGroup;
			children = (
				37EA17442322EB91001FF5D8 /* Base */,
			);
			name = Main.storyboard;
			sourceTree = "<group>";
		};
		37EA17482322EB93001FF5D8 /* LaunchScreen.storyboard */ = {
			isa = PBXVariantGroup;
			children = (
				37EA17492322EB93001FF5D8 /* Base */,
			);
			name = LaunchScreen.storyboard;
			sourceTree = "<group>";
		};
/* End PBXVariantGroup section */

/* Begin XCBuildConfiguration section */
		37EA174C2322EB93001FF5D8 /* Debug */ = {
			isa = XCBuildConfiguration;
			buildSettings = {
				ALWAYS_SEARCH_USER_PATHS = NO;
				CLANG_ANALYZER_NONNULL = YES;
				CLANG_ANALYZER_NUMBER_OBJECT_CONVERSION = YES_AGGRESSIVE;
				CLANG_CXX_LANGUAGE_STANDARD = "gnu++14";
				CLANG_CXX_LIBRARY = "libc++";
				CLANG_ENABLE_MODULES = YES;
				CLANG_ENABLE_OBJC_ARC = YES;
				CLANG_ENABLE_OBJC_WEAK = YES;
				CLANG_WARN_BLOCK_CAPTURE_AUTORELEASING = YES;
				CLANG_WARN_BOOL_CONVERSION = YES;
				CLANG_WARN_COMMA = YES;
				CLANG_WARN_CONSTANT_CONVERSION = YES;
				CLANG_WARN_DEPRECATED_OBJC_IMPLEMENTATIONS = YES;
				CLANG_WARN_DIRECT_OBJC_ISA_USAGE = YES_ERROR;
				CLANG_WARN_DOCUMENTATION_COMMENTS = YES;
				CLANG_WARN_EMPTY_BODY = YES;
				CLANG_WARN_ENUM_CONVERSION = YES;
				CLANG_WARN_INFINITE_RECURSION = YES;
				CLANG_WARN_INT_CONVERSION = YES;
				CLANG_WARN_NON_LITERAL_NULL_CONVERSION = YES;
				CLANG_WARN_OBJC_IMPLICIT_RETAIN_SELF = YES;
				CLANG_WARN_OBJC_LITERAL_CONVERSION = YES;
				CLANG_WARN_OBJC_ROOT_CLASS = YES_ERROR;
				CLANG_WARN_RANGE_LOOP_ANALYSIS = YES;
				CLANG_WARN_STRICT_PROTOTYPES = YES;
				CLANG_WARN_SUSPICIOUS_MOVE = YES;
				CLANG_WARN_UNGUARDED_AVAILABILITY = YES_AGGRESSIVE;
				CLANG_WARN_UNREACHABLE_CODE = YES;
				CLANG_WARN__DUPLICATE_METHOD_MATCH = YES;
				CODE_SIGN_IDENTITY = "iPhone Developer";
				COPY_PHASE_STRIP = NO;
				DEBUG_INFORMATION_FORMAT = dwarf;
				ENABLE_STRICT_OBJC_MSGSEND = YES;
				ENABLE_TESTABILITY = YES;
				GCC_C_LANGUAGE_STANDARD = gnu11;
				GCC_DYNAMIC_NO_PIC = NO;
				GCC_NO_COMMON_BLOCKS = YES;
				GCC_OPTIMIZATION_LEVEL = 0;
				GCC_PREPROCESSOR_DEFINITIONS = (
					"DEBUG=1",
					"$(inherited)",
				);
				GCC_WARN_64_TO_32_BIT_CONVERSION = YES;
				GCC_WARN_ABOUT_RETURN_TYPE = YES_ERROR;
				GCC_WARN_UNDECLARED_SELECTOR = YES;
				GCC_WARN_UNINITIALIZED_AUTOS = YES_AGGRESSIVE;
				GCC_WARN_UNUSED_FUNCTION = YES;
				GCC_WARN_UNUSED_VARIABLE = YES;
				IPHONEOS_DEPLOYMENT_TARGET = 12.4;
				MTL_ENABLE_DEBUG_INFO = INCLUDE_SOURCE;
				MTL_FAST_MATH = YES;
				ONLY_ACTIVE_ARCH = YES;
				SDKROOT = iphoneos;
				SWIFT_ACTIVE_COMPILATION_CONDITIONS = DEBUG;
				SWIFT_OPTIMIZATION_LEVEL = "-Onone";
			};
			name = Debug;
		};
		37EA174D2322EB93001FF5D8 /* Release */ = {
			isa = XCBuildConfiguration;
			buildSettings = {
				ALWAYS_SEARCH_USER_PATHS = NO;
				CLANG_ANALYZER_NONNULL = YES;
				CLANG_ANALYZER_NUMBER_OBJECT_CONVERSION = YES_AGGRESSIVE;
				CLANG_CXX_LANGUAGE_STANDARD = "gnu++14";
				CLANG_CXX_LIBRARY = "libc++";
				CLANG_ENABLE_MODULES = YES;
				CLANG_ENABLE_OBJC_ARC = YES;
				CLANG_ENABLE_OBJC_WEAK = YES;
				CLANG_WARN_BLOCK_CAPTURE_AUTORELEASING = YES;
				CLANG_WARN_BOOL_CONVERSION = YES;
				CLANG_WARN_COMMA = YES;
				CLANG_WARN_CONSTANT_CONVERSION = YES;
				CLANG_WARN_DEPRECATED_OBJC_IMPLEMENTATIONS = YES;
				CLANG_WARN_DIRECT_OBJC_ISA_USAGE = YES_ERROR;
				CLANG_WARN_DOCUMENTATION_COMMENTS = YES;
				CLANG_WARN_EMPTY_BODY = YES;
				CLANG_WARN_ENUM_CONVERSION = YES;
				CLANG_WARN_INFINITE_RECURSION = YES;
				CLANG_WARN_INT_CONVERSION = YES;
				CLANG_WARN_NON_LITERAL_NULL_CONVERSION = YES;
				CLANG_WARN_OBJC_IMPLICIT_RETAIN_SELF = YES;
				CLANG_WARN_OBJC_LITERAL_CONVERSION = YES;
				CLANG_WARN_OBJC_ROOT_CLASS = YES_ERROR;
				CLANG_WARN_RANGE_LOOP_ANALYSIS = YES;
				CLANG_WARN_STRICT_PROTOTYPES = YES;
				CLANG_WARN_SUSPICIOUS_MOVE = YES;
				CLANG_WARN_UNGUARDED_AVAILABILITY = YES_AGGRESSIVE;
				CLANG_WARN_UNREACHABLE_CODE = YES;
				CLANG_WARN__DUPLICATE_METHOD_MATCH = YES;
				CODE_SIGN_IDENTITY = "iPhone Developer";
				COPY_PHASE_STRIP = NO;
				DEBUG_INFORMATION_FORMAT = "dwarf-with-dsym";
				ENABLE_NS_ASSERTIONS = NO;
				ENABLE_STRICT_OBJC_MSGSEND = YES;
				GCC_C_LANGUAGE_STANDARD = gnu11;
				GCC_NO_COMMON_BLOCKS = YES;
				GCC_WARN_64_TO_32_BIT_CONVERSION = YES;
				GCC_WARN_ABOUT_RETURN_TYPE = YES_ERROR;
				GCC_WARN_UNDECLARED_SELECTOR = YES;
				GCC_WARN_UNINITIALIZED_AUTOS = YES_AGGRESSIVE;
				GCC_WARN_UNUSED_FUNCTION = YES;
				GCC_WARN_UNUSED_VARIABLE = YES;
				IPHONEOS_DEPLOYMENT_TARGET = 12.4;
				MTL_ENABLE_DEBUG_INFO = NO;
				MTL_FAST_MATH = YES;
				SDKROOT = iphoneos;
				SWIFT_COMPILATION_MODE = wholemodule;
				SWIFT_OPTIMIZATION_LEVEL = "-O";
				VALIDATE_PRODUCT = YES;
			};
			name = Release;
		};
		37EA174F2322EB93001FF5D8 /* Debug */ = {
			isa = XCBuildConfiguration;
			buildSettings = {
				ASSETCATALOG_COMPILER_APPICON_NAME = AppIcon;
				CODE_SIGN_STYLE = Automatic;
				DEVELOPMENT_TEAM = 7835EYY49C;
				INFOPLIST_FILE = Salus/Info.plist;
				LD_RUNPATH_SEARCH_PATHS = (
					"$(inherited)",
					"@executable_path/Frameworks",
				);
				PRODUCT_BUNDLE_IDENTIFIER = com.jmoh3.Salus;
				PRODUCT_NAME = "$(TARGET_NAME)";
				SWIFT_VERSION = 5.0;
				TARGETED_DEVICE_FAMILY = "1,2";
			};
			name = Debug;
		};
		37EA17502322EB93001FF5D8 /* Release */ = {
			isa = XCBuildConfiguration;
			buildSettings = {
				ASSETCATALOG_COMPILER_APPICON_NAME = AppIcon;
				CODE_SIGN_STYLE = Automatic;
				DEVELOPMENT_TEAM = 7835EYY49C;
				INFOPLIST_FILE = Salus/Info.plist;
				LD_RUNPATH_SEARCH_PATHS = (
					"$(inherited)",
					"@executable_path/Frameworks",
				);
				PRODUCT_BUNDLE_IDENTIFIER = com.jmoh3.Salus;
				PRODUCT_NAME = "$(TARGET_NAME)";
				SWIFT_VERSION = 5.0;
				TARGETED_DEVICE_FAMILY = "1,2";
			};
			name = Release;
		};
/* End XCBuildConfiguration section */

/* Begin XCConfigurationList section */
		37EA17372322EB91001FF5D8 /* Build configuration list for PBXProject "Salus" */ = {
			isa = XCConfigurationList;
			buildConfigurations = (
				37EA174C2322EB93001FF5D8 /* Debug */,
				37EA174D2322EB93001FF5D8 /* Release */,
			);
			defaultConfigurationIsVisible = 0;
			defaultConfigurationName = Release;
		};
		37EA174E2322EB93001FF5D8 /* Build configuration list for PBXNativeTarget "Salus" */ = {
			isa = XCConfigurationList;
			buildConfigurations = (
				37EA174F2322EB93001FF5D8 /* Debug */,
				37EA17502322EB93001FF5D8 /* Release */,
			);
			defaultConfigurationIsVisible = 0;
			defaultConfigurationName = Release;
		};
/* End XCConfigurationList section */
	};
	rootObject = 37EA17342322EB91001FF5D8 /* Project object */;
}
